
Microsoft Visual Studio Solution File, Format Version 12.00
# Visual Studio 15
VisualStudioVersion = 15.0.28010.2041
MinimumVisualStudioVersion = 10.0.40219.1
Project("{9A19103F-16F7-4668-BE54-9A1E7A4F7556}") = "mysqlefcore", "mysqlefcore.csproj", "{D452B2E5-6547-4412-A828-9EAC8EDEEC93}"
EndProject
Global
	GlobalSection(SolutionConfigurationPlatforms) = preSolution
		Debug|Any CPU = Debug|Any CPU
		Release|Any CPU = Release|Any CPU
	EndGlobalSection
	GlobalSection(ProjectConfigurationPlatforms) = postSolution
		{D452B2E5-6547-4412-A828-9EAC8EDEEC93}.Debug|Any CPU.ActiveCfg = Debug|Any CPU
		{D452B2E5-6547-4412-A828-9EAC8EDEEC93}.Debug|Any CPU.Build.0 = Debug|Any CPU
		{D452B2E5-6547-4412-A828-9EAC8EDEEC93}.Release|Any CPU.ActiveCfg = Release|Any CPU
		{D452B2E5-6547-4412-A828-9EAC8EDEEC93}.Release|Any CPU.Build.0 = Release|Any CPU
	EndGlobalSection
	GlobalSection(SolutionProperties) = preSolution
		HideSolutionNode = FALSE
	EndGlobalSection
	GlobalSection(ExtensibilityGlobals) = postSolution
		SolutionGuid = {3DB014FB-106E-4AA8-B813-ADF01184CC47}
	EndGlobalSection
EndGlobal
